
Microsoft Visual Studio Solution File, Format Version 12.00
# Visual Studio Version 16
VisualStudioVersion = 16.0.29326.143
MinimumVisualStudioVersion = 10.0.40219.1
Project("{FAE04EC0-301F-11D3-BF4B-00C04F79EFBC}") = "ValidacaoEtiquetas", "ValidacaoEtiquetas\ValidacaoEtiquetas.csproj", "{C3F2CDC5-26A0-46B2-909E-D5F7774FA6A8}"
EndProject
Global
	GlobalSection(SolutionConfigurationPlatforms) = preSolution
		Debug|Any CPU = Debug|Any CPU
		Release|Any CPU = Release|Any CPU
	EndGlobalSection
	GlobalSection(ProjectConfigurationPlatforms) = postSolution
		{C3F2CDC5-26A0-46B2-909E-D5F7774FA6A8}.Debug|Any CPU.ActiveCfg = Debug|Any CPU
		{C3F2CDC5-26A0-46B2-909E-D5F7774FA6A8}.Debug|Any CPU.Build.0 = Debug|Any CPU
		{C3F2CDC5-26A0-46B2-909E-D5F7774FA6A8}.Release|Any CPU.ActiveCfg = Release|Any CPU
		{C3F2CDC5-26A0-46B2-909E-D5F7774FA6A8}.Release|Any CPU.Build.0 = Release|Any CPU
	EndGlobalSection
	GlobalSection(SolutionProperties) = preSolution
		HideSolutionNode = FALSE
	EndGlobalSection
	GlobalSection(ExtensibilityGlobals) = postSolution
		SolutionGuid = {6AE9310C-FC06-418D-8486-3D83E664D765}
	EndGlobalSection
EndGlobal
